
Microsoft Visual Studio Solution File, Format Version 12.00
# Visual Studio Version 16
VisualStudioVersion = 16.0.29123.88
MinimumVisualStudioVersion = 10.0.40219.1
Project("{FAE04EC0-301F-11D3-BF4B-00C04F79EFBC}") = "NewCoreAPI", "NewCoreAPI.csproj", "{DCD6EDB7-06AF-429F-8BA9-D61055D4F030}"
EndProject
Global
	GlobalSection(SolutionConfigurationPlatforms) = preSolution
		Debug|Any CPU = Debug|Any CPU
		Release|Any CPU = Release|Any CPU
	EndGlobalSection
	GlobalSection(ProjectConfigurationPlatforms) = postSolution
		{DCD6EDB7-06AF-429F-8BA9-D61055D4F030}.Debug|Any CPU.ActiveCfg = Debug|Any CPU
		{DCD6EDB7-06AF-429F-8BA9-D61055D4F030}.Debug|Any CPU.Build.0 = Debug|Any CPU
		{DCD6EDB7-06AF-429F-8BA9-D61055D4F030}.Release|Any CPU.ActiveCfg = Release|Any CPU
		{DCD6EDB7-06AF-429F-8BA9-D61055D4F030}.Release|Any CPU.Build.0 = Release|Any CPU
	EndGlobalSection
	GlobalSection(SolutionProperties) = preSolution
		HideSolutionNode = FALSE
	EndGlobalSection
	GlobalSection(ExtensibilityGlobals) = postSolution
		SolutionGuid = {840C12EE-31C5-459C-9328-625C068B8B10}
	EndGlobalSection
EndGlobal
